
Microsoft Visual Studio Solution File, Format Version 12.00
# Visual Studio Version 16
VisualStudioVersion = 25.0.1706.5
MinimumVisualStudioVersion = 10.0.40219.1
Project("{FAE04EC0-301F-11D3-BF4B-00C04F79EFBC}") = "TicTacToe", "TicTacToe\TicTacToe.csproj", "{8DC185C1-2150-4F72-AC06-EE01C2245A07}"
EndProject
Global
	GlobalSection(SolutionConfigurationPlatforms) = preSolution
		Debug|Any CPU = Debug|Any CPU
		Release|Any CPU = Release|Any CPU
	EndGlobalSection
	GlobalSection(ProjectConfigurationPlatforms) = postSolution
		{8DC185C1-2150-4F72-AC06-EE01C2245A07}.Debug|Any CPU.ActiveCfg = Debug|Any CPU
		{8DC185C1-2150-4F72-AC06-EE01C2245A07}.Debug|Any CPU.Build.0 = Debug|Any CPU
		{8DC185C1-2150-4F72-AC06-EE01C2245A07}.Release|Any CPU.ActiveCfg = Release|Any CPU
		{8DC185C1-2150-4F72-AC06-EE01C2245A07}.Release|Any CPU.Build.0 = Release|Any CPU
	EndGlobalSection
	GlobalSection(SolutionProperties) = preSolution
		HideSolutionNode = FALSE
	EndGlobalSection
	GlobalSection(ExtensibilityGlobals) = postSolution
		SolutionGuid = {4D02B4B7-5FF2-4707-984C-EC51A54E8D00}
	EndGlobalSection
EndGlobal
